
Microsoft Visual Studio Solution File, Format Version 12.00
# Visual Studio Version 17
VisualStudioVersion = 17.2.32616.157
MinimumVisualStudioVersion = 10.0.40219.1
Project("{FAE04EC0-301F-11D3-BF4B-00C04F79EFBC}") = "Manuel Mod Alma Uygulaması", "Manuel Mod Alma Uygulaması\Manuel Mod Alma Uygulaması.csproj", "{20697A6F-99F7-4A87-A10B-72EB74E58294}"
EndProject
Global
	GlobalSection(SolutionConfigurationPlatforms) = preSolution
		Debug|Any CPU = Debug|Any CPU
		Release|Any CPU = Release|Any CPU
	EndGlobalSection
	GlobalSection(ProjectConfigurationPlatforms) = postSolution
		{20697A6F-99F7-4A87-A10B-72EB74E58294}.Debug|Any CPU.ActiveCfg = Debug|Any CPU
		{20697A6F-99F7-4A87-A10B-72EB74E58294}.Debug|Any CPU.Build.0 = Debug|Any CPU
		{20697A6F-99F7-4A87-A10B-72EB74E58294}.Release|Any CPU.ActiveCfg = Release|Any CPU
		{20697A6F-99F7-4A87-A10B-72EB74E58294}.Release|Any CPU.Build.0 = Release|Any CPU
	EndGlobalSection
	GlobalSection(SolutionProperties) = preSolution
		HideSolutionNode = FALSE
	EndGlobalSection
	GlobalSection(ExtensibilityGlobals) = postSolution
		SolutionGuid = {B3D460BE-C38B-4C92-A1E4-94CA203B50B6}
	EndGlobalSection
EndGlobal
